
Microsoft Visual Studio Solution File, Format Version 12.00
# Visual Studio Version 17
VisualStudioVersion = 17.1.32421.90
MinimumVisualStudioVersion = 10.0.40219.1
Project("{FAE04EC0-301F-11D3-BF4B-00C04F79EFBC}") = "DownloadAPI", "ConsoleApp1\DownloadAPI.csproj", "{4762F55D-D255-497B-9609-A7371B1414C9}"
EndProject
Global
	GlobalSection(SolutionConfigurationPlatforms) = preSolution
		Debug|Any CPU = Debug|Any CPU
		Release|Any CPU = Release|Any CPU
	EndGlobalSection
	GlobalSection(ProjectConfigurationPlatforms) = postSolution
		{4762F55D-D255-497B-9609-A7371B1414C9}.Debug|Any CPU.ActiveCfg = Debug|Any CPU
		{4762F55D-D255-497B-9609-A7371B1414C9}.Debug|Any CPU.Build.0 = Debug|Any CPU
		{4762F55D-D255-497B-9609-A7371B1414C9}.Release|Any CPU.ActiveCfg = Release|Any CPU
		{4762F55D-D255-497B-9609-A7371B1414C9}.Release|Any CPU.Build.0 = Release|Any CPU
	EndGlobalSection
	GlobalSection(SolutionProperties) = preSolution
		HideSolutionNode = FALSE
	EndGlobalSection
	GlobalSection(ExtensibilityGlobals) = postSolution
		SolutionGuid = {F84A560C-A292-4D60-8AEA-7A60D284A535}
	EndGlobalSection
EndGlobal
